// !$*UTF8*$!
{
	archiveVersion = 1;
	classes = {
	};
	objectVersion = 50;
	objects = {

/* Begin PBXBuildFile section */
		13617AC2265190FD00B405C4 /* AppDelegate.swift in Sources */ = {isa = PBXBuildFile; fileRef = 13617AC1265190FD00B405C4 /* AppDelegate.swift */; };
		13617AC4265190FD00B405C4 /* SceneDelegate.swift in Sources */ = {isa = PBXBuildFile; fileRef = 13617AC3265190FD00B405C4 /* SceneDelegate.swift */; };
		13617AC6265190FD00B405C4 /* ViewController.swift in Sources */ = {isa = PBXBuildFile; fileRef = 13617AC5265190FD00B405C4 /* ViewController.swift */; };
		13617AC9265190FD00B405C4 /* Main.storyboard in Resources */ = {isa = PBXBuildFile; fileRef = 13617AC7265190FD00B405C4 /* Main.storyboard */; };
		13617ACC265190FE00B405C4 /* PairTest.xcdatamodeld in Sources */ = {isa = PBXBuildFile; fileRef = 13617ACA265190FE00B405C4 /* PairTest.xcdatamodeld */; };
		13617ACE2651911200B405C4 /* Assets.xcassets in Resources */ = {isa = PBXBuildFile; fileRef = 13617ACD2651911200B405C4 /* Assets.xcassets */; };
		13617AD12651911200B405C4 /* LaunchScreen.storyboard in Resources */ = {isa = PBXBuildFile; fileRef = 13617ACF2651911200B405C4 /* LaunchScreen.storyboard */; };
		13617ADC2651911400B405C4 /* PairTestTests.swift in Sources */ = {isa = PBXBuildFile; fileRef = 13617ADB2651911400B405C4 /* PairTestTests.swift */; };
		13617AE72651911400B405C4 /* PairTestUITests.swift in Sources */ = {isa = PBXBuildFile; fileRef = 13617AE62651911400B405C4 /* PairTestUITests.swift */; };
/* End PBXBuildFile section */

/* Begin PBXContainerItemProxy section */
		13617AD82651911400B405C4 /* PBXContainerItemProxy */ = {
			isa = PBXContainerItemProxy;
			containerPortal = 13617AB6265190FD00B405C4 /* Project object */;
			proxyType = 1;
			remoteGlobalIDString = 13617ABD265190FD00B405C4;
			remoteInfo = PairTest;
		};
		13617AE32651911400B405C4 /* PBXContainerItemProxy */ = {
			isa = PBXContainerItemProxy;
			containerPortal = 13617AB6265190FD00B405C4 /* Project object */;
			proxyType = 1;
			remoteGlobalIDString = 13617ABD265190FD00B405C4;
			remoteInfo = PairTest;
		};
/* End PBXContainerItemProxy section */

/* Begin PBXFileReference section */
		13617ABE265190FD00B405C4 /* PairTest.app */ = {isa = PBXFileReference; explicitFileType = wrapper.application; includeInIndex = 0; path = PairTest.app; sourceTree = BUILT_PRODUCTS_DIR; };
		13617AC1265190FD00B405C4 /* AppDelegate.swift */ = {isa = PBXFileReference; lastKnownFileType = sourcecode.swift; path = AppDelegate.swift; sourceTree = "<group>"; };
		13617AC3265190FD00B405C4 /* SceneDelegate.swift */ = {isa = PBXFileReference; lastKnownFileType = sourcecode.swift; path = SceneDelegate.swift; sourceTree = "<group>"; };
		13617AC5265190FD00B405C4 /* ViewController.swift */ = {isa = PBXFileReference; lastKnownFileType = sourcecode.swift; path = ViewController.swift; sourceTree = "<group>"; };
		13617AC8265190FD00B405C4 /* Base */ = {isa = PBXFileReference; lastKnownFileType = file.storyboard; name = Base; path = Base.lproj/Main.storyboard; sourceTree = "<group>"; };
		13617ACB265190FE00B405C4 /* PairTest.xcdatamodel */ = {isa = PBXFileReference; lastKnownFileType = wrapper.xcdatamodel; path = PairTest.xcdatamodel; sourceTree = "<group>"; };
		13617ACD2651911200B405C4 /* Assets.xcassets */ = {isa = PBXFileReference; lastKnownFileType = folder.assetcatalog; path = Assets.xcassets; sourceTree = "<group>"; };
		13617AD02651911200B405C4 /* Base */ = {isa = PBXFileReference; lastKnownFileType = file.storyboard; name = Base; path = Base.lproj/LaunchScreen.storyboard; sourceTree = "<group>"; };
		13617AD22651911200B405C4 /* Info.plist */ = {isa = PBXFileReference; lastKnownFileType = text.plist.xml; path = Info.plist; sourceTree = "<group>"; };
		13617AD72651911400B405C4 /* PairTestTests.xctest */ = {isa = PBXFileReference; explicitFileType = wrapper.cfbundle; includeInIndex = 0; path = PairTestTests.xctest; sourceTree = BUILT_PRODUCTS_DIR; };
		13617ADB2651911400B405C4 /* PairTestTests.swift */ = {isa = PBXFileReference; lastKnownFileType = sourcecode.swift; path = PairTestTests.swift; sourceTree = "<group>"; };
		13617ADD2651911400B405C4 /* Info.plist */ = {isa = PBXFileReference; lastKnownFileType = text.plist.xml; path = Info.plist; sourceTree = "<group>"; };
		13617AE22651911400B405C4 /* PairTestUITests.xctest */ = {isa = PBXFileReference; explicitFileType = wrapper.cfbundle; includeInIndex = 0; path = PairTestUITests.xctest; sourceTree = BUILT_PRODUCTS_DIR; };
		13617AE62651911400B405C4 /* PairTestUITests.swift */ = {isa = PBXFileReference; lastKnownFileType = sourcecode.swift; path = PairTestUITests.swift; sourceTree = "<group>"; };
		13617AE82651911400B405C4 /* Info.plist */ = {isa = PBXFileReference; lastKnownFileType = text.plist.xml; path = Info.plist; sourceTree = "<group>"; };
/* End PBXFileReference section */

/* Begin PBXFrameworksBuildPhase section */
		13617ABB265190FD00B405C4 /* Frameworks */ = {
			isa = PBXFrameworksBuildPhase;
			buildActionMask = 2147483647;
			files = (
			);
			runOnlyForDeploymentPostprocessing = 0;
		};
		13617AD42651911400B405C4 /* Frameworks */ = {
			isa = PBXFrameworksBuildPhase;
			buildActionMask = 2147483647;
			files = (
			);
			runOnlyForDeploymentPostprocessing = 0;
		};
		13617ADF2651911400B405C4 /* Frameworks */ = {
			isa = PBXFrameworksBuildPhase;
			buildActionMask = 2147483647;
			files = (
			);
			runOnlyForDeploymentPostprocessing = 0;
		};
/* End PBXFrameworksBuildPhase section */

/* Begin PBXGroup section */
		13617AB5265190FD00B405C4 = {
			isa = PBXGroup;
			children = (
				13617AC0265190FD00B405C4 /* PairTest */,
				13617ADA2651911400B405C4 /* PairTestTests */,
				13617AE52651911400B405C4 /* PairTestUITests */,
				13617ABF265190FD00B405C4 /* Products */,
			);
			sourceTree = "<group>";
		};
		13617ABF265190FD00B405C4 /* Products */ = {
			isa = PBXGroup;
			children = (
				13617ABE265190FD00B405C4 /* PairTest.app */,
				13617AD72651911400B405C4 /* PairTestTests.xctest */,
				13617AE22651911400B405C4 /* PairTestUITests.xctest */,
			);
			name = Products;
			sourceTree = "<group>";
		};
		13617AC0265190FD00B405C4 /* PairTest */ = {
			isa = PBXGroup;
			children = (
				13617AC1265190FD00B405C4 /* AppDelegate.swift */,
				13617AC3265190FD00B405C4 /* SceneDelegate.swift */,
				13617AC5265190FD00B405C4 /* ViewController.swift */,
				13617AC7265190FD00B405C4 /* Main.storyboard */,
				13617ACD2651911200B405C4 /* Assets.xcassets */,
				13617ACF2651911200B405C4 /* LaunchScreen.storyboard */,
				13617AD22651911200B405C4 /* Info.plist */,
				13617ACA265190FE00B405C4 /* PairTest.xcdatamodeld */,
			);
			path = PairTest;
			sourceTree = "<group>";
		};
		13617ADA2651911400B405C4 /* PairTestTests */ = {
			isa = PBXGroup;
			children = (
				13617ADB2651911400B405C4 /* PairTestTests.swift */,
				13617ADD2651911400B405C4 /* Info.plist */,
			);
			path = PairTestTests;
			sourceTree = "<group>";
		};
		13617AE52651911400B405C4 /* PairTestUITests */ = {
			isa = PBXGroup;
			children = (
				13617AE62651911400B405C4 /* PairTestUITests.swift */,
				13617AE82651911400B405C4 /* Info.plist */,
			);
			path = PairTestUITests;
			sourceTree = "<group>";
		};
/* End PBXGroup section */

/* Begin PBXNativeTarget section */
		13617ABD265190FD00B405C4 /* PairTest */ = {
			isa = PBXNativeTarget;
			buildConfigurationList = 13617AEB2651911400B405C4 /* Build configuration list for PBXNativeTarget "PairTest" */;
			buildPhases = (
				13617ABA265190FD00B405C4 /* Sources */,
				13617ABB265190FD00B405C4 /* Frameworks */,
				13617ABC265190FD00B405C4 /* Resources */,
			);
			buildRules = (
			);
			dependencies = (
			);
			name = PairTest;
			productName = PairTest;
			productReference = 13617ABE265190FD00B405C4 /* PairTest.app */;
			productType = "com.apple.product-type.application";
		};
		13617AD62651911400B405C4 /* PairTestTests */ = {
			isa = PBXNativeTarget;
			buildConfigurationList = 13617AEE2651911400B405C4 /* Build configuration list for PBXNativeTarget "PairTestTests" */;
			buildPhases = (
				13617AD32651911400B405C4 /* Sources */,
				13617AD42651911400B405C4 /* Frameworks */,
				13617AD52651911400B405C4 /* Resources */,
			);
			buildRules = (
			);
			dependencies = (
				13617AD92651911400B405C4 /* PBXTargetDependency */,
			);
			name = PairTestTests;
			productName = PairTestTests;
			productReference = 13617AD72651911400B405C4 /* PairTestTests.xctest */;
			productType = "com.apple.product-type.bundle.unit-test";
		};
		13617AE12651911400B405C4 /* PairTestUITests */ = {
			isa = PBXNativeTarget;
			buildConfigurationList = 13617AF12651911400B405C4 /* Build configuration list for PBXNativeTarget "PairTestUITests" */;
			buildPhases = (
				13617ADE2651911400B405C4 /* Sources */,
				13617ADF2651911400B405C4 /* Frameworks */,
				13617AE02651911400B405C4 /* Resources */,
			);
			buildRules = (
			);
			dependencies = (
				13617AE42651911400B405C4 /* PBXTargetDependency */,
			);
			name = PairTestUITests;
			productName = PairTestUITests;
			productReference = 13617AE22651911400B405C4 /* PairTestUITests.xctest */;
			productType = "com.apple.product-type.bundle.ui-testing";
		};
/* End PBXNativeTarget section */

/* Begin PBXProject section */
		13617AB6265190FD00B405C4 /* Project object */ = {
			isa = PBXProject;
			attributes = {
				LastSwiftUpdateCheck = 1210;
				LastUpgradeCheck = 1210;
				TargetAttributes = {
					13617ABD265190FD00B405C4 = {
						CreatedOnToolsVersion = 12.1;
					};
					13617AD62651911400B405C4 = {
						CreatedOnToolsVersion = 12.1;
						TestTargetID = 13617ABD265190FD00B405C4;
					};
					13617AE12651911400B405C4 = {
						CreatedOnToolsVersion = 12.1;
						TestTargetID = 13617ABD265190FD00B405C4;
					};
				};
			};
			buildConfigurationList = 13617AB9265190FD00B405C4 /* Build configuration list for PBXProject "PairTest" */;
			compatibilityVersion = "Xcode 9.3";
			developmentRegion = en;
			hasScannedForEncodings = 0;
			knownRegions = (
				en,
				Base,
			);
			mainGroup = 13617AB5265190FD00B405C4;
			productRefGroup = 13617ABF265190FD00B405C4 /* Products */;
			projectDirPath = "";
			projectRoot = "";
			targets = (
				13617ABD265190FD00B405C4 /* PairTest */,
				13617AD62651911400B405C4 /* PairTestTests */,
				13617AE12651911400B405C4 /* PairTestUITests */,
			);
		};
/* End PBXProject section */

/* Begin PBXResourcesBuildPhase section */
		13617ABC265190FD00B405C4 /* Resources */ = {
			isa = PBXResourcesBuildPhase;
			buildActionMask = 2147483647;
			files = (
				13617AD12651911200B405C4 /* LaunchScreen.storyboard in Resources */,
				13617ACE2651911200B405C4 /* Assets.xcassets in Resources */,
				13617AC9265190FD00B405C4 /* Main.storyboard in Resources */,
			);
			runOnlyForDeploymentPostprocessing = 0;
		};
		13617AD52651911400B405C4 /* Resources */ = {
			isa = PBXResourcesBuildPhase;
			buildActionMask = 2147483647;
			files = (
			);
			runOnlyForDeploymentPostprocessing = 0;
		};
		13617AE02651911400B405C4 /* Resources */ = {
			isa = PBXResourcesBuildPhase;
			buildActionMask = 2147483647;
			files = (
			);
			runOnlyForDeploymentPostprocessing = 0;
		};
/* End PBXResourcesBuildPhase section */

/* Begin PBXSourcesBuildPhase section */
		13617ABA265190FD00B405C4 /* Sources */ = {
			isa = PBXSourcesBuildPhase;
			buildActionMask = 2147483647;
			files = (
				13617AC6265190FD00B405C4 /* ViewController.swift in Sources */,
				13617ACC265190FE00B405C4 /* PairTest.xcdatamodeld in Sources */,
				13617AC2265190FD00B405C4 /* AppDelegate.swift in Sources */,
				13617AC4265190FD00B405C4 /* SceneDelegate.swift in Sources */,
			);
			runOnlyForDeploymentPostprocessing = 0;
		};
		13617AD32651911400B405C4 /* Sources */ = {
			isa = PBXSourcesBuildPhase;
			buildActionMask = 2147483647;
			files = (
				13617ADC2651911400B405C4 /* PairTestTests.swift in Sources */,
			);
			runOnlyForDeploymentPostprocessing = 0;
		};
		13617ADE2651911400B405C4 /* Sources */ = {
			isa = PBXSourcesBuildPhase;
			buildActionMask = 2147483647;
			files = (
				13617AE72651911400B405C4 /* PairTestUITests.swift in Sources */,
			);
			runOnlyForDeploymentPostprocessing = 0;
		};
/* End PBXSourcesBuildPhase section */

/* Begin PBXTargetDependency section */
		13617AD92651911400B405C4 /* PBXTargetDependency */ = {
			isa = PBXTargetDependency;
			target = 13617ABD265190FD00B405C4 /* PairTest */;
			targetProxy = 13617AD82651911400B405C4 /* PBXContainerItemProxy */;
		};
		13617AE42651911400B405C4 /* PBXTargetDependency */ = {
			isa = PBXTargetDependency;
			target = 13617ABD265190FD00B405C4 /* PairTest */;
			targetProxy = 13617AE32651911400B405C4 /* PBXContainerItemProxy */;
		};
/* End PBXTargetDependency section */

/* Begin PBXVariantGroup section */
		13617AC7265190FD00B405C4 /* Main.storyboard */ = {
			isa = PBXVariantGroup;
			children = (
				13617AC8265190FD00B405C4 /* Base */,
			);
			name = Main.storyboard;
			sourceTree = "<group>";
		};
		13617ACF2651911200B405C4 /* LaunchScreen.storyboard */ = {
			isa = PBXVariantGroup;
			children = (
				13617AD02651911200B405C4 /* Base */,
			);
			name = LaunchScreen.storyboard;
			sourceTree = "<group>";
		};
/* End PBXVariantGroup section */

/* Begin XCBuildConfiguration section */
		13617AE92651911400B405C4 /* Debug */ = {
			isa = XCBuildConfiguration;
			buildSettings = {
				ALWAYS_SEARCH_USER_PATHS = NO;
				CLANG_ANALYZER_NONNULL = YES;
				CLANG_ANALYZER_NUMBER_OBJECT_CONVERSION = YES_AGGRESSIVE;
				CLANG_CXX_LANGUAGE_STANDARD = "gnu++14";
				CLANG_CXX_LIBRARY = "libc++";
				CLANG_ENABLE_MODULES = YES;
				CLANG_ENABLE_OBJC_ARC = YES;
				CLANG_ENABLE_OBJC_WEAK = YES;
				CLANG_WARN_BLOCK_CAPTURE_AUTORELEASING = YES;
				CLANG_WARN_BOOL_CONVERSION = YES;
				CLANG_WARN_COMMA = YES;
				CLANG_WARN_CONSTANT_CONVERSION = YES;
				CLANG_WARN_DEPRECATED_OBJC_IMPLEMENTATIONS = YES;
				CLANG_WARN_DIRECT_OBJC_ISA_USAGE = YES_ERROR;
				CLANG_WARN_DOCUMENTATION_COMMENTS = YES;
				CLANG_WARN_EMPTY_BODY = YES;
				CLANG_WARN_ENUM_CONVERSION = YES;
				CLANG_WARN_INFINITE_RECURSION = YES;
				CLANG_WARN_INT_CONVERSION = YES;
				CLANG_WARN_NON_LITERAL_NULL_CONVERSION = YES;
				CLANG_WARN_OBJC_IMPLICIT_RETAIN_SELF = YES;
				CLANG_WARN_OBJC_LITERAL_CONVERSION = YES;
				CLANG_WARN_OBJC_ROOT_CLASS = YES_ERROR;
				CLANG_WARN_QUOTED_INCLUDE_IN_FRAMEWORK_HEADER = YES;
				CLANG_WARN_RANGE_LOOP_ANALYSIS = YES;
				CLANG_WARN_STRICT_PROTOTYPES = YES;
				CLANG_WARN_SUSPICIOUS_MOVE = YES;
				CLANG_WARN_UNGUARDED_AVAILABILITY = YES_AGGRESSIVE;
				CLANG_WARN_UNREACHABLE_CODE = YES;
				CLANG_WARN__DUPLICATE_METHOD_MATCH = YES;
				COPY_PHASE_STRIP = NO;
				DEBUG_INFORMATION_FORMAT = dwarf;
				ENABLE_STRICT_OBJC_MSGSEND = YES;
				ENABLE_TESTABILITY = YES;
				GCC_C_LANGUAGE_STANDARD = gnu11;
				GCC_DYNAMIC_NO_PIC = NO;
				GCC_NO_COMMON_BLOCKS = YES;
				GCC_OPTIMIZATION_LEVEL = 0;
				GCC_PREPROCESSOR_DEFINITIONS = (
					"DEBUG=1",
					"$(inherited)",
				);
				GCC_WARN_64_TO_32_BIT_CONVERSION = YES;
				GCC_WARN_ABOUT_RETURN_TYPE = YES_ERROR;
				GCC_WARN_UNDECLARED_SELECTOR = YES;
				GCC_WARN_UNINITIALIZED_AUTOS = YES_AGGRESSIVE;
				GCC_WARN_UNUSED_FUNCTION = YES;
				GCC_WARN_UNUSED_VARIABLE = YES;
				IPHONEOS_DEPLOYMENT_TARGET = 14.1;
				MTL_ENABLE_DEBUG_INFO = INCLUDE_SOURCE;
				MTL_FAST_MATH = YES;
				ONLY_ACTIVE_ARCH = YES;
				SDKROOT = iphoneos;
				SWIFT_ACTIVE_COMPILATION_CONDITIONS = DEBUG;
				SWIFT_OPTIMIZATION_LEVEL = "-Onone";
			};
			name = Debug;
		};
		13617AEA2651911400B405C4 /* Release */ = {
			isa = XCBuildConfiguration;
			buildSettings = {
				ALWAYS_SEARCH_USER_PATHS = NO;
				CLANG_ANALYZER_NONNULL = YES;
				CLANG_ANALYZER_NUMBER_OBJECT_CONVERSION = YES_AGGRESSIVE;
				CLANG_CXX_LANGUAGE_STANDARD = "gnu++14";
				CLANG_CXX_LIBRARY = "libc++";
				CLANG_ENABLE_MODULES = YES;
				CLANG_ENABLE_OBJC_ARC = YES;
				CLANG_ENABLE_OBJC_WEAK = YES;
				CLANG_WARN_BLOCK_CAPTURE_AUTORELEASING = YES;
				CLANG_WARN_BOOL_CONVERSION = YES;
				CLANG_WARN_COMMA = YES;
				CLANG_WARN_CONSTANT_CONVERSION = YES;
				CLANG_WARN_DEPRECATED_OBJC_IMPLEMENTATIONS = YES;
				CLANG_WARN_DIRECT_OBJC_ISA_USAGE = YES_ERROR;
				CLANG_WARN_DOCUMENTATION_COMMENTS = YES;
				CLANG_WARN_EMPTY_BODY = YES;
				CLANG_WARN_ENUM_CONVERSION = YES;
				CLANG_WARN_INFINITE_RECURSION = YES;
				CLANG_WARN_INT_CONVERSION = YES;
				CLANG_WARN_NON_LITERAL_NULL_CONVERSION = YES;
				CLANG_WARN_OBJC_IMPLICIT_RETAIN_SELF = YES;
				CLANG_WARN_OBJC_LITERAL_CONVERSION = YES;
				CLANG_WARN_OBJC_ROOT_CLASS = YES_ERROR;
				CLANG_WARN_QUOTED_INCLUDE_IN_FRAMEWORK_HEADER = YES;
				CLANG_WARN_RANGE_LOOP_ANALYSIS = YES;
				CLANG_WARN_STRICT_PROTOTYPES = YES;
				CLANG_WARN_SUSPICIOUS_MOVE = YES;
				CLANG_WARN_UNGUARDED_AVAILABILITY = YES_AGGRESSIVE;
				CLANG_WARN_UNREACHABLE_CODE = YES;
				CLANG_WARN__DUPLICATE_METHOD_MATCH = YES;
				COPY_PHASE_STRIP = NO;
				DEBUG_INFORMATION_FORMAT = "dwarf-with-dsym";
				ENABLE_NS_ASSERTIONS = NO;
				ENABLE_STRICT_OBJC_MSGSEND = YES;
				GCC_C_LANGUAGE_STANDARD = gnu11;
				GCC_NO_COMMON_BLOCKS = YES;
				GCC_WARN_64_TO_32_BIT_CONVERSION = YES;
				GCC_WARN_ABOUT_RETURN_TYPE = YES_ERROR;
				GCC_WARN_UNDECLARED_SELECTOR = YES;
				GCC_WARN_UNINITIALIZED_AUTOS = YES_AGGRESSIVE;
				GCC_WARN_UNUSED_FUNCTION = YES;
				GCC_WARN_UNUSED_VARIABLE = YES;
				IPHONEOS_DEPLOYMENT_TARGET = 14.1;
				MTL_ENABLE_DEBUG_INFO = NO;
				MTL_FAST_MATH = YES;
				SDKROOT = iphoneos;
				SWIFT_COMPILATION_MODE = wholemodule;
				SWIFT_OPTIMIZATION_LEVEL = "-O";
				VALIDATE_PRODUCT = YES;
			};
			name = Release;
		};
		13617AEC2651911400B405C4 /* Debug */ = {
			isa = XCBuildConfiguration;
			buildSettings = {
				ASSETCATALOG_COMPILER_APPICON_NAME = AppIcon;
				ASSETCATALOG_COMPILER_GLOBAL_ACCENT_COLOR_NAME = AccentColor;
				CODE_SIGN_STYLE = Automatic;
				INFOPLIST_FILE = PairTest/Info.plist;
				LD_RUNPATH_SEARCH_PATHS = (
					"$(inherited)",
					"@executable_path/Frameworks",
				);
				PRODUCT_BUNDLE_IDENTIFIER = KWK.PairTest;
				PRODUCT_NAME = "$(TARGET_NAME)";
				SWIFT_VERSION = 5.0;
				TARGETED_DEVICE_FAMILY = "1,2";
			};
			name = Debug;
		};
		13617AED2651911400B405C4 /* Release */ = {
			isa = XCBuildConfiguration;
			buildSettings = {
				ASSETCATALOG_COMPILER_APPICON_NAME = AppIcon;
				ASSETCATALOG_COMPILER_GLOBAL_ACCENT_COLOR_NAME = AccentColor;
				CODE_SIGN_STYLE = Automatic;
				INFOPLIST_FILE = PairTest/Info.plist;
				LD_RUNPATH_SEARCH_PATHS = (
					"$(inherited)",
					"@executable_path/Frameworks",
				);
				PRODUCT_BUNDLE_IDENTIFIER = KWK.PairTest;
				PRODUCT_NAME = "$(TARGET_NAME)";
				SWIFT_VERSION = 5.0;
				TARGETED_DEVICE_FAMILY = "1,2";
			};
			name = Release;
		};
		13617AEF2651911400B405C4 /* Debug */ = {
			isa = XCBuildConfiguration;
			buildSettings = {
				ALWAYS_EMBED_SWIFT_STANDARD_LIBRARIES = YES;
				BUNDLE_LOADER = "$(TEST_HOST)";
				CODE_SIGN_STYLE = Automatic;
				INFOPLIST_FILE = PairTestTests/Info.plist;
				IPHONEOS_DEPLOYMENT_TARGET = 14.1;
				LD_RUNPATH_SEARCH_PATHS = (
					"$(inherited)",
					"@executable_path/Frameworks",
					"@loader_path/Frameworks",
				);
				PRODUCT_BUNDLE_IDENTIFIER = KWK.PairTestTests;
				PRODUCT_NAME = "$(TARGET_NAME)";
				SWIFT_VERSION = 5.0;
				TARGETED_DEVICE_FAMILY = "1,2";
				TEST_HOST = "$(BUILT_PRODUCTS_DIR)/PairTest.app/PairTest";
			};
			name = Debug;
		};
		13617AF02651911400B405C4 /* Release */ = {
			isa = XCBuildConfiguration;
			buildSettings = {
				ALWAYS_EMBED_SWIFT_STANDARD_LIBRARIES = YES;
				BUNDLE_LOADER = "$(TEST_HOST)";
				CODE_SIGN_STYLE = Automatic;
				INFOPLIST_FILE = PairTestTests/Info.plist;
				IPHONEOS_DEPLOYMENT_TARGET = 14.1;
				LD_RUNPATH_SEARCH_PATHS = (
					"$(inherited)",
					"@executable_path/Frameworks",
					"@loader_path/Frameworks",
				);
				PRODUCT_BUNDLE_IDENTIFIER = KWK.PairTestTests;
				PRODUCT_NAME = "$(TARGET_NAME)";
				SWIFT_VERSION = 5.0;
				TARGETED_DEVICE_FAMILY = "1,2";
				TEST_HOST = "$(BUILT_PRODUCTS_DIR)/PairTest.app/PairTest";
			};
			name = Release;
		};
		13617AF22651911400B405C4 /* Debug */ = {
			isa = XCBuildConfiguration;
			buildSettings = {
				ALWAYS_EMBED_SWIFT_STANDARD_LIBRARIES = YES;
				CODE_SIGN_STYLE = Automatic;
				INFOPLIST_FILE = PairTestUITests/Info.plist;
				LD_RUNPATH_SEARCH_PATHS = (
					"$(inherited)",
					"@executable_path/Frameworks",
					"@loader_path/Frameworks",
				);
				PRODUCT_BUNDLE_IDENTIFIER = KWK.PairTestUITests;
				PRODUCT_NAME = "$(TARGET_NAME)";
				SWIFT_VERSION = 5.0;
				TARGETED_DEVICE_FAMILY = "1,2";
				TEST_TARGET_NAME = PairTest;
			};
			name = Debug;
		};
		13617AF32651911400B405C4 /* Release */ = {
			isa = XCBuildConfiguration;
			buildSettings = {
				ALWAYS_EMBED_SWIFT_STANDARD_LIBRARIES = YES;
				CODE_SIGN_STYLE = Automatic;
				INFOPLIST_FILE = PairTestUITests/Info.plist;
				LD_RUNPATH_SEARCH_PATHS = (
					"$(inherited)",
					"@executable_path/Frameworks",
					"@loader_path/Frameworks",
				);
				PRODUCT_BUNDLE_IDENTIFIER = KWK.PairTestUITests;
				PRODUCT_NAME = "$(TARGET_NAME)";
				SWIFT_VERSION = 5.0;
				TARGETED_DEVICE_FAMILY = "1,2";
				TEST_TARGET_NAME = PairTest;
			};
			name = Release;
		};
/* End XCBuildConfiguration section */

/* Begin XCConfigurationList section */
		13617AB9265190FD00B405C4 /* Build configuration list for PBXProject "PairTest" */ = {
			isa = XCConfigurationList;
			buildConfigurations = (
				13617AE92651911400B405C4 /* Debug */,
				13617AEA2651911400B405C4 /* Release */,
			);
			defaultConfigurationIsVisible = 0;
			defaultConfigurationName = Release;
		};
		13617AEB2651911400B405C4 /* Build configuration list for PBXNativeTarget "PairTest" */ = {
			isa = XCConfigurationList;
			buildConfigurations = (
				13617AEC2651911400B405C4 /* Debug */,
				13617AED2651911400B405C4 /* Release */,
			);
			defaultConfigurationIsVisible = 0;
			defaultConfigurationName = Release;
		};
		13617AEE2651911400B405C4 /* Build configuration list for PBXNativeTarget "PairTestTests" */ = {
			isa = XCConfigurationList;
			buildConfigurations = (
				13617AEF2651911400B405C4 /* Debug */,
				13617AF02651911400B405C4 /* Release */,
			);
			defaultConfigurationIsVisible = 0;
			defaultConfigurationName = Release;
		};
		13617AF12651911400B405C4 /* Build configuration list for PBXNativeTarget "PairTestUITests" */ = {
			isa = XCConfigurationList;
			buildConfigurations = (
				13617AF22651911400B405C4 /* Debug */,
				13617AF32651911400B405C4 /* Release */,
			);
			defaultConfigurationIsVisible = 0;
			defaultConfigurationName = Release;
		};
/* End XCConfigurationList section */

/* Begin XCVersionGroup section */
		13617ACA265190FE00B405C4 /* PairTest.xcdatamodeld */ = {
			isa = XCVersionGroup;
			children = (
				13617ACB265190FE00B405C4 /* PairTest.xcdatamodel */,
			);
			currentVersion = 13617ACB265190FE00B405C4 /* PairTest.xcdatamodel */;
			path = PairTest.xcdatamodeld;
			sourceTree = "<group>";
			versionGroupType = wrapper.xcdatamodel;
		};
/* End XCVersionGroup section */
	};
	rootObject = 13617AB6265190FD00B405C4 /* Project object */;
}
